// !$*UTF8*$!
{
	archiveVersion = 1;
	classes = {
	};
	objectVersion = 46;
	objects = {

/* Begin PBXBuildFile section */
		43EAF9131F46E1270000F223 /* AppDelegate.swift in Sources */ = {isa = PBXBuildFile; fileRef = 43EAF9121F46E1270000F223 /* AppDelegate.swift */; };
		43EAF9151F46E1270000F223 /* Assets.xcassets in Resources */ = {isa = PBXBuildFile; fileRef = 43EAF9141F46E1270000F223 /* Assets.xcassets */; };
		43EAF9181F46E1270000F223 /* MainMenu.xib in Resources */ = {isa = PBXBuildFile; fileRef = 43EAF9161F46E1270000F223 /* MainMenu.xib */; };
		43EAF9201F495D6B0000F223 /* MenuController.swift in Sources */ = {isa = PBXBuildFile; fileRef = 43EAF91F1F495D6A0000F223 /* MenuController.swift */; };
		43EAF9241F49624F0000F223 /* ACTransitAPI.swift in Sources */ = {isa = PBXBuildFile; fileRef = 43EAF9231F49624F0000F223 /* ACTransitAPI.swift */; };
		43EAF9291F4C1A8B0000F223 /* StopPreferences.swift in Sources */ = {isa = PBXBuildFile; fileRef = 43EAF9271F4C1A8B0000F223 /* StopPreferences.swift */; };
		43EAF92A1F4C1A8B0000F223 /* StopPreferences.xib in Resources */ = {isa = PBXBuildFile; fileRef = 43EAF9281F4C1A8B0000F223 /* StopPreferences.xib */; };
/* End PBXBuildFile section */

/* Begin PBXFileReference section */
		43EAF90F1F46E1270000F223 /* BusTime.app */ = {isa = PBXFileReference; explicitFileType = wrapper.application; includeInIndex = 0; path = BusTime.app; sourceTree = BUILT_PRODUCTS_DIR; };
		43EAF9121F46E1270000F223 /* AppDelegate.swift */ = {isa = PBXFileReference; lastKnownFileType = sourcecode.swift; path = AppDelegate.swift; sourceTree = "<group>"; };
		43EAF9141F46E1270000F223 /* Assets.xcassets */ = {isa = PBXFileReference; lastKnownFileType = folder.assetcatalog; path = Assets.xcassets; sourceTree = "<group>"; };
		43EAF9171F46E1270000F223 /* Base */ = {isa = PBXFileReference; lastKnownFileType = file.xib; name = Base; path = Base.lproj/MainMenu.xib; sourceTree = "<group>"; };
		43EAF9191F46E1270000F223 /* Info.plist */ = {isa = PBXFileReference; lastKnownFileType = text.plist.xml; path = Info.plist; sourceTree = "<group>"; };
		43EAF91F1F495D6A0000F223 /* MenuController.swift */ = {isa = PBXFileReference; fileEncoding = 4; lastKnownFileType = sourcecode.swift; path = MenuController.swift; sourceTree = "<group>"; };
		43EAF9231F49624F0000F223 /* ACTransitAPI.swift */ = {isa = PBXFileReference; fileEncoding = 4; lastKnownFileType = sourcecode.swift; name = ACTransitAPI.swift; path = ../ACTransitAPI.swift; sourceTree = "<group>"; };
		43EAF9271F4C1A8B0000F223 /* StopPreferences.swift */ = {isa = PBXFileReference; fileEncoding = 4; lastKnownFileType = sourcecode.swift; path = StopPreferences.swift; sourceTree = "<group>"; };
		43EAF9281F4C1A8B0000F223 /* StopPreferences.xib */ = {isa = PBXFileReference; fileEncoding = 4; lastKnownFileType = file.xib; path = StopPreferences.xib; sourceTree = "<group>"; };
/* End PBXFileReference section */

/* Begin PBXFrameworksBuildPhase section */
		43EAF90C1F46E1270000F223 /* Frameworks */ = {
			isa = PBXFrameworksBuildPhase;
			buildActionMask = 2147483647;
			files = (
			);
			runOnlyForDeploymentPostprocessing = 0;
		};
/* End PBXFrameworksBuildPhase section */

/* Begin PBXGroup section */
		43EAF9061F46E1270000F223 = {
			isa = PBXGroup;
			children = (
				43EAF9111F46E1270000F223 /* BusTime */,
				43EAF9101F46E1270000F223 /* Products */,
			);
			sourceTree = "<group>";
		};
		43EAF9101F46E1270000F223 /* Products */ = {
			isa = PBXGroup;
			children = (
				43EAF90F1F46E1270000F223 /* BusTime.app */,
			);
			name = Products;
			sourceTree = "<group>";
		};
		43EAF9111F46E1270000F223 /* BusTime */ = {
			isa = PBXGroup;
			children = (
				43EAF9231F49624F0000F223 /* ACTransitAPI.swift */,
				43EAF9121F46E1270000F223 /* AppDelegate.swift */,
				43EAF9141F46E1270000F223 /* Assets.xcassets */,
				43EAF9161F46E1270000F223 /* MainMenu.xib */,
				43EAF9271F4C1A8B0000F223 /* StopPreferences.swift */,
				43EAF9281F4C1A8B0000F223 /* StopPreferences.xib */,
				43EAF9191F46E1270000F223 /* Info.plist */,
				43EAF91F1F495D6A0000F223 /* MenuController.swift */,
			);
			path = BusTime;
			sourceTree = "<group>";
		};
/* End PBXGroup section */

/* Begin PBXNativeTarget section */
		43EAF90E1F46E1270000F223 /* BusTime */ = {
			isa = PBXNativeTarget;
			buildConfigurationList = 43EAF91C1F46E1270000F223 /* Build configuration list for PBXNativeTarget "BusTime" */;
			buildPhases = (
				43EAF90B1F46E1270000F223 /* Sources */,
				43EAF90C1F46E1270000F223 /* Frameworks */,
				43EAF90D1F46E1270000F223 /* Resources */,
			);
			buildRules = (
			);
			dependencies = (
			);
			name = BusTime;
			productName = BusTime;
			productReference = 43EAF90F1F46E1270000F223 /* BusTime.app */;
			productType = "com.apple.product-type.application";
		};
/* End PBXNativeTarget section */

/* Begin PBXProject section */
		43EAF9071F46E1270000F223 /* Project object */ = {
			isa = PBXProject;
			attributes = {
				LastSwiftUpdateCheck = 0810;
				LastUpgradeCheck = 0810;
				ORGANIZATIONNAME = "Divyesh Chotai";
				TargetAttributes = {
					43EAF90E1F46E1270000F223 = {
						CreatedOnToolsVersion = 8.1;
						ProvisioningStyle = Automatic;
					};
				};
			};
			buildConfigurationList = 43EAF90A1F46E1270000F223 /* Build configuration list for PBXProject "BusTime" */;
			compatibilityVersion = "Xcode 3.2";
			developmentRegion = English;
			hasScannedForEncodings = 0;
			knownRegions = (
				en,
				Base,
			);
			mainGroup = 43EAF9061F46E1270000F223;
			productRefGroup = 43EAF9101F46E1270000F223 /* Products */;
			projectDirPath = "";
			projectRoot = "";
			targets = (
				43EAF90E1F46E1270000F223 /* BusTime */,
			);
		};
/* End PBXProject section */

/* Begin PBXResourcesBuildPhase section */
		43EAF90D1F46E1270000F223 /* Resources */ = {
			isa = PBXResourcesBuildPhase;
			buildActionMask = 2147483647;
			files = (
				43EAF9151F46E1270000F223 /* Assets.xcassets in Resources */,
				43EAF92A1F4C1A8B0000F223 /* StopPreferences.xib in Resources */,
				43EAF9181F46E1270000F223 /* MainMenu.xib in Resources */,
			);
			runOnlyForDeploymentPostprocessing = 0;
		};
/* End PBXResourcesBuildPhase section */

/* Begin PBXSourcesBuildPhase section */
		43EAF90B1F46E1270000F223 /* Sources */ = {
			isa = PBXSourcesBuildPhase;
			buildActionMask = 2147483647;
			files = (
				43EAF9291F4C1A8B0000F223 /* StopPreferences.swift in Sources */,
				43EAF9241F49624F0000F223 /* ACTransitAPI.swift in Sources */,
				43EAF9201F495D6B0000F223 /* MenuController.swift in Sources */,
				43EAF9131F46E1270000F223 /* AppDelegate.swift in Sources */,
			);
			runOnlyForDeploymentPostprocessing = 0;
		};
/* End PBXSourcesBuildPhase section */

/* Begin PBXVariantGroup section */
		43EAF9161F46E1270000F223 /* MainMenu.xib */ = {
			isa = PBXVariantGroup;
			children = (
				43EAF9171F46E1270000F223 /* Base */,
			);
			name = MainMenu.xib;
			sourceTree = "<group>";
		};
/* End PBXVariantGroup section */

/* Begin XCBuildConfiguration section */
		43EAF91A1F46E1270000F223 /* Debug */ = {
			isa = XCBuildConfiguration;
			buildSettings = {
				ALWAYS_SEARCH_USER_PATHS = NO;
				CLANG_ANALYZER_NONNULL = YES;
				CLANG_CXX_LANGUAGE_STANDARD = "gnu++0x";
				CLANG_CXX_LIBRARY = "libc++";
				CLANG_ENABLE_MODULES = YES;
				CLANG_ENABLE_OBJC_ARC = YES;
				CLANG_WARN_BOOL_CONVERSION = YES;
				CLANG_WARN_CONSTANT_CONVERSION = YES;
				CLANG_WARN_DIRECT_OBJC_ISA_USAGE = YES_ERROR;
				CLANG_WARN_DOCUMENTATION_COMMENTS = YES;
				CLANG_WARN_EMPTY_BODY = YES;
				CLANG_WARN_ENUM_CONVERSION = YES;
				CLANG_WARN_INFINITE_RECURSION = YES;
				CLANG_WARN_INT_CONVERSION = YES;
				CLANG_WARN_OBJC_ROOT_CLASS = YES_ERROR;
				CLANG_WARN_SUSPICIOUS_MOVES = YES;
				CLANG_WARN_UNREACHABLE_CODE = YES;
				CLANG_WARN__DUPLICATE_METHOD_MATCH = YES;
				CODE_SIGN_IDENTITY = "-";
				COPY_PHASE_STRIP = NO;
				DEBUG_INFORMATION_FORMAT = dwarf;
				ENABLE_STRICT_OBJC_MSGSEND = YES;
				ENABLE_TESTABILITY = YES;
				GCC_C_LANGUAGE_STANDARD = gnu99;
				GCC_DYNAMIC_NO_PIC = NO;
				GCC_NO_COMMON_BLOCKS = YES;
				GCC_OPTIMIZATION_LEVEL = 0;
				GCC_PREPROCESSOR_DEFINITIONS = (
					"DEBUG=1",
					"$(inherited)",
				);
				GCC_WARN_64_TO_32_BIT_CONVERSION = YES;
				GCC_WARN_ABOUT_RETURN_TYPE = YES_ERROR;
				GCC_WARN_UNDECLARED_SELECTOR = YES;
				GCC_WARN_UNINITIALIZED_AUTOS = YES_AGGRESSIVE;
				GCC_WARN_UNUSED_FUNCTION = YES;
				GCC_WARN_UNUSED_VARIABLE = YES;
				MACOSX_DEPLOYMENT_TARGET = 10.11;
				MTL_ENABLE_DEBUG_INFO = YES;
				ONLY_ACTIVE_ARCH = YES;
				SDKROOT = macosx;
				SWIFT_ACTIVE_COMPILATION_CONDITIONS = DEBUG;
				SWIFT_OPTIMIZATION_LEVEL = "-Onone";
			};
			name = Debug;
		};
		43EAF91B1F46E1270000F223 /* Release */ = {
			isa = XCBuildConfiguration;
			buildSettings = {
				ALWAYS_SEARCH_USER_PATHS = NO;
				CLANG_ANALYZER_NONNULL = YES;
				CLANG_CXX_LANGUAGE_STANDARD = "gnu++0x";
				CLANG_CXX_LIBRARY = "libc++";
				CLANG_ENABLE_MODULES = YES;
				CLANG_ENABLE_OBJC_ARC = YES;
				CLANG_WARN_BOOL_CONVERSION = YES;
				CLANG_WARN_CONSTANT_CONVERSION = YES;
				CLANG_WARN_DIRECT_OBJC_ISA_USAGE = YES_ERROR;
				CLANG_WARN_DOCUMENTATION_COMMENTS = YES;
				CLANG_WARN_EMPTY_BODY = YES;
				CLANG_WARN_ENUM_CONVERSION = YES;
				CLANG_WARN_INFINITE_RECURSION = YES;
				CLANG_WARN_INT_CONVERSION = YES;
				CLANG_WARN_OBJC_ROOT_CLASS = YES_ERROR;
				CLANG_WARN_SUSPICIOUS_MOVES = YES;
				CLANG_WARN_UNREACHABLE_CODE = YES;
				CLANG_WARN__DUPLICATE_METHOD_MATCH = YES;
				CODE_SIGN_IDENTITY = "-";
				COPY_PHASE_STRIP = NO;
				DEBUG_INFORMATION_FORMAT = "dwarf-with-dsym";
				ENABLE_NS_ASSERTIONS = NO;
				ENABLE_STRICT_OBJC_MSGSEND = YES;
				GCC_C_LANGUAGE_STANDARD = gnu99;
				GCC_NO_COMMON_BLOCKS = YES;
				GCC_WARN_64_TO_32_BIT_CONVERSION = YES;
				GCC_WARN_ABOUT_RETURN_TYPE = YES_ERROR;
				GCC_WARN_UNDECLARED_SELECTOR = YES;
				GCC_WARN_UNINITIALIZED_AUTOS = YES_AGGRESSIVE;
				GCC_WARN_UNUSED_FUNCTION = YES;
				GCC_WARN_UNUSED_VARIABLE = YES;
				MACOSX_DEPLOYMENT_TARGET = 10.11;
				MTL_ENABLE_DEBUG_INFO = NO;
				SDKROOT = macosx;
				SWIFT_OPTIMIZATION_LEVEL = "-Owholemodule";
			};
			name = Release;
		};
		43EAF91D1F46E1270000F223 /* Debug */ = {
			isa = XCBuildConfiguration;
			buildSettings = {
				ASSETCATALOG_COMPILER_APPICON_NAME = AppIcon;
				CODE_SIGN_IDENTITY = "";
				COMBINE_HIDPI_IMAGES = YES;
				INFOPLIST_FILE = BusTime/Info.plist;
				LD_RUNPATH_SEARCH_PATHS = "$(inherited) @executable_path/../Frameworks";
				PRODUCT_BUNDLE_IDENTIFIER = com.dchotai.BusTime;
				PRODUCT_NAME = "$(TARGET_NAME)";
				SWIFT_VERSION = 3.0;
			};
			name = Debug;
		};
		43EAF91E1F46E1270000F223 /* Release */ = {
			isa = XCBuildConfiguration;
			buildSettings = {
				ASSETCATALOG_COMPILER_APPICON_NAME = AppIcon;
				CODE_SIGN_IDENTITY = "";
				COMBINE_HIDPI_IMAGES = YES;
				INFOPLIST_FILE = BusTime/Info.plist;
				LD_RUNPATH_SEARCH_PATHS = "$(inherited) @executable_path/../Frameworks";
				PRODUCT_BUNDLE_IDENTIFIER = com.dchotai.BusTime;
				PRODUCT_NAME = "$(TARGET_NAME)";
				SWIFT_VERSION = 3.0;
			};
			name = Release;
		};
/* End XCBuildConfiguration section */

/* Begin XCConfigurationList section */
		43EAF90A1F46E1270000F223 /* Build configuration list for PBXProject "BusTime" */ = {
			isa = XCConfigurationList;
			buildConfigurations = (
				43EAF91A1F46E1270000F223 /* Debug */,
				43EAF91B1F46E1270000F223 /* Release */,
			);
			defaultConfigurationIsVisible = 0;
			defaultConfigurationName = Release;
		};
		43EAF91C1F46E1270000F223 /* Build configuration list for PBXNativeTarget "BusTime" */ = {
			isa = XCConfigurationList;
			buildConfigurations = (
				43EAF91D1F46E1270000F223 /* Debug */,
				43EAF91E1F46E1270000F223 /* Release */,
			);
			defaultConfigurationIsVisible = 0;
		};
/* End XCConfigurationList section */
	};
	rootObject = 43EAF9071F46E1270000F223 /* Project object */;
}
